
Microsoft Visual Studio Solution File, Format Version 12.00
# Visual Studio Version 17
VisualStudioVersion = 17.1.32328.378
MinimumVisualStudioVersion = 10.0.40219.1
Project("{8BC9CEB8-8B4A-11D0-8D11-00A0C91BC942}") = "Inheritance1", "Inheritance1\Inheritance1.vcxproj", "{349AD4E9-5956-474B-AD7D-27111B66D3C7}"
EndProject
Project("{8BC9CEB8-8B4A-11D0-8D11-00A0C91BC942}") = "Academy", "Academy\Academy.vcxproj", "{6981ED6B-588A-4049-90A0-6D379DAF3B51}"
EndProject
Project("{8BC9CEB8-8B4A-11D0-8D11-00A0C91BC942}") = "Files", "Files\Files.vcxproj", "{0C50B06D-12EE-4A45-8105-95D11735A47A}"
EndProject
Project("{8BC9CEB8-8B4A-11D0-8D11-00A0C91BC942}") = "AbstractBaseClass", "AbstractBaseClass\AbstractBaseClass.vcxproj", "{1F80107F-5624-47CC-B445-423B373B1C92}"
EndProject
Project("{8BC9CEB8-8B4A-11D0-8D11-00A0C91BC942}") = "Abstract_geometry", "Abstract_geometry\Abstract_geometry.vcxproj", "{3D6E2C68-9197-4D70-863E-5321F85BAEB7}"
EndProject
Project("{8BC9CEB8-8B4A-11D0-8D11-00A0C91BC942}") = "Threads", "Threads\Threads.vcxproj", "{D5989398-DBC6-4BEA-B500-021C9E44473C}"
EndProject
Global
	GlobalSection(SolutionConfigurationPlatforms) = preSolution
		Debug|x64 = Debug|x64
		Debug|x86 = Debug|x86
		Release|x64 = Release|x64
		Release|x86 = Release|x86
	EndGlobalSection
	GlobalSection(ProjectConfigurationPlatforms) = postSolution
		{349AD4E9-5956-474B-AD7D-27111B66D3C7}.Debug|x64.ActiveCfg = Debug|x64
		{349AD4E9-5956-474B-AD7D-27111B66D3C7}.Debug|x64.Build.0 = Debug|x64
		{349AD4E9-5956-474B-AD7D-27111B66D3C7}.Debug|x86.ActiveCfg = Debug|Win32
		{349AD4E9-5956-474B-AD7D-27111B66D3C7}.Debug|x86.Build.0 = Debug|Win32
		{349AD4E9-5956-474B-AD7D-27111B66D3C7}.Release|x64.ActiveCfg = Release|x64
		{349AD4E9-5956-474B-AD7D-27111B66D3C7}.Release|x64.Build.0 = Release|x64
		{349AD4E9-5956-474B-AD7D-27111B66D3C7}.Release|x86.ActiveCfg = Release|Win32
		{349AD4E9-5956-474B-AD7D-27111B66D3C7}.Release|x86.Build.0 = Release|Win32
		{6981ED6B-588A-4049-90A0-6D379DAF3B51}.Debug|x64.ActiveCfg = Debug|x64
		{6981ED6B-588A-4049-90A0-6D379DAF3B51}.Debug|x64.Build.0 = Debug|x64
		{6981ED6B-588A-4049-90A0-6D379DAF3B51}.Debug|x86.ActiveCfg = Debug|Win32
		{6981ED6B-588A-4049-90A0-6D379DAF3B51}.Debug|x86.Build.0 = Debug|Win32
		{6981ED6B-588A-4049-90A0-6D379DAF3B51}.Release|x64.ActiveCfg = Release|x64
		{6981ED6B-588A-4049-90A0-6D379DAF3B51}.Release|x64.Build.0 = Release|x64
		{6981ED6B-588A-4049-90A0-6D379DAF3B51}.Release|x86.ActiveCfg = Release|Win32
		{6981ED6B-588A-4049-90A0-6D379DAF3B51}.Release|x86.Build.0 = Release|Win32
		{0C50B06D-12EE-4A45-8105-95D11735A47A}.Debug|x64.ActiveCfg = Debug|x64
		{0C50B06D-12EE-4A45-8105-95D11735A47A}.Debug|x64.Build.0 = Debug|x64
		{0C50B06D-12EE-4A45-8105-95D11735A47A}.Debug|x86.ActiveCfg = Debug|Win32
		{0C50B06D-12EE-4A45-8105-95D11735A47A}.Debug|x86.Build.0 = Debug|Win32
		{0C50B06D-12EE-4A45-8105-95D11735A47A}.Release|x64.ActiveCfg = Release|x64
		{0C50B06D-12EE-4A45-8105-95D11735A47A}.Release|x64.Build.0 = Release|x64
		{0C50B06D-12EE-4A45-8105-95D11735A47A}.Release|x86.ActiveCfg = Release|Win32
		{0C50B06D-12EE-4A45-8105-95D11735A47A}.Release|x86.Build.0 = Release|Win32
		{1F80107F-5624-47CC-B445-423B373B1C92}.Debug|x64.ActiveCfg = Debug|x64
		{1F80107F-5624-47CC-B445-423B373B1C92}.Debug|x64.Build.0 = Debug|x64
		{1F80107F-5624-47CC-B445-423B373B1C92}.Debug|x86.ActiveCfg = Debug|Win32
		{1F80107F-5624-47CC-B445-423B373B1C92}.Debug|x86.Build.0 = Debug|Win32
		{1F80107F-5624-47CC-B445-423B373B1C92}.Release|x64.ActiveCfg = Release|x64
		{1F80107F-5624-47CC-B445-423B373B1C92}.Release|x64.Build.0 = Release|x64
		{1F80107F-5624-47CC-B445-423B373B1C92}.Release|x86.ActiveCfg = Release|Win32
		{1F80107F-5624-47CC-B445-423B373B1C92}.Release|x86.Build.0 = Release|Win32
		{3D6E2C68-9197-4D70-863E-5321F85BAEB7}.Debug|x64.ActiveCfg = Debug|x64
		{3D6E2C68-9197-4D70-863E-5321F85BAEB7}.Debug|x64.Build.0 = Debug|x64
		{3D6E2C68-9197-4D70-863E-5321F85BAEB7}.Debug|x86.ActiveCfg = Debug|Win32
		{3D6E2C68-9197-4D70-863E-5321F85BAEB7}.Debug|x86.Build.0 = Debug|Win32
		{3D6E2C68-9197-4D70-863E-5321F85BAEB7}.Release|x64.ActiveCfg = Release|x64
		{3D6E2C68-9197-4D70-863E-5321F85BAEB7}.Release|x64.Build.0 = Release|x64
		{3D6E2C68-9197-4D70-863E-5321F85BAEB7}.Release|x86.ActiveCfg = Release|Win32
		{3D6E2C68-9197-4D70-863E-5321F85BAEB7}.Release|x86.Build.0 = Release|Win32
		{D5989398-DBC6-4BEA-B500-021C9E44473C}.Debug|x64.ActiveCfg = Debug|x64
		{D5989398-DBC6-4BEA-B500-021C9E44473C}.Debug|x64.Build.0 = Debug|x64
		{D5989398-DBC6-4BEA-B500-021C9E44473C}.Debug|x86.ActiveCfg = Debug|Win32
		{D5989398-DBC6-4BEA-B500-021C9E44473C}.Debug|x86.Build.0 = Debug|Win32
		{D5989398-DBC6-4BEA-B500-021C9E44473C}.Release|x64.ActiveCfg = Release|x64
		{D5989398-DBC6-4BEA-B500-021C9E44473C}.Release|x64.Build.0 = Release|x64
		{D5989398-DBC6-4BEA-B500-021C9E44473C}.Release|x86.ActiveCfg = Release|Win32
		{D5989398-DBC6-4BEA-B500-021C9E44473C}.Release|x86.Build.0 = Release|Win32
	EndGlobalSection
	GlobalSection(SolutionProperties) = preSolution
		HideSolutionNode = FALSE
	EndGlobalSection
	GlobalSection(ExtensibilityGlobals) = postSolution
		SolutionGuid = {4CF54401-50B3-4A57-9CF4-A28B421AA24A}
	EndGlobalSection
EndGlobal
